
Microsoft Visual Studio Solution File, Format Version 12.00
# Visual Studio 2015
Project("{FAE04EC0-301F-11D3-BF4B-00C04F79EFBC}") = "Hack n slash.CSharp.Plugins", "Hack n slash.CSharp.Plugins.csproj", "{B77B16EA-1691-AF61-70CA-781AEC0FCF3D}"
EndProject
Project("{FAE04EC0-301F-11D3-BF4B-00C04F79EFBC}") = "Hack n slash.CSharp", "Hack n slash.CSharp.csproj", "{043CBC6D-053A-071F-DAB8-30D8799F94C9}"
EndProject
Project("{FAE04EC0-301F-11D3-BF4B-00C04F79EFBC}") = "Hack n slash.CSharp.Editor", "Hack n slash.CSharp.Editor.csproj", "{C3BE2C7F-93E1-D9B6-0560-0CE4C4BBAA03}"
EndProject
Global
	GlobalSection(SolutionConfigurationPlatforms) = preSolution
		Debug|Any CPU = Debug|Any CPU
		Release|Any CPU = Release|Any CPU
	EndGlobalSection
	GlobalSection(ProjectConfigurationPlatforms) = postSolution
		{B77B16EA-1691-AF61-70CA-781AEC0FCF3D}.Debug|Any CPU.ActiveCfg = Debug|Any CPU
		{B77B16EA-1691-AF61-70CA-781AEC0FCF3D}.Debug|Any CPU.Build.0 = Debug|Any CPU
		{B77B16EA-1691-AF61-70CA-781AEC0FCF3D}.Release|Any CPU.ActiveCfg = Release|Any CPU
		{B77B16EA-1691-AF61-70CA-781AEC0FCF3D}.Release|Any CPU.Build.0 = Release|Any CPU
		{043CBC6D-053A-071F-DAB8-30D8799F94C9}.Debug|Any CPU.ActiveCfg = Debug|Any CPU
		{043CBC6D-053A-071F-DAB8-30D8799F94C9}.Debug|Any CPU.Build.0 = Debug|Any CPU
		{043CBC6D-053A-071F-DAB8-30D8799F94C9}.Release|Any CPU.ActiveCfg = Release|Any CPU
		{043CBC6D-053A-071F-DAB8-30D8799F94C9}.Release|Any CPU.Build.0 = Release|Any CPU
		{C3BE2C7F-93E1-D9B6-0560-0CE4C4BBAA03}.Debug|Any CPU.ActiveCfg = Debug|Any CPU
		{C3BE2C7F-93E1-D9B6-0560-0CE4C4BBAA03}.Debug|Any CPU.Build.0 = Debug|Any CPU
		{C3BE2C7F-93E1-D9B6-0560-0CE4C4BBAA03}.Release|Any CPU.ActiveCfg = Release|Any CPU
		{C3BE2C7F-93E1-D9B6-0560-0CE4C4BBAA03}.Release|Any CPU.Build.0 = Release|Any CPU
	EndGlobalSection
	GlobalSection(SolutionProperties) = preSolution
		HideSolutionNode = FALSE
	EndGlobalSection
EndGlobal
